// !$*UTF8*$!
{
	archiveVersion = 1;
	classes = {
	};
	objectVersion = 46;
	objects = {

/* Begin PBXBuildFile section */
		FBBA05051E664848000FD7C5 /* AppDelegate.swift in Sources */ = {isa = PBXBuildFile; fileRef = FBBA05041E664848000FD7C5 /* AppDelegate.swift */; };
		FBBA05071E664848000FD7C5 /* ViewController.swift in Sources */ = {isa = PBXBuildFile; fileRef = FBBA05061E664848000FD7C5 /* ViewController.swift */; };
		FBBA050A1E664848000FD7C5 /* Main.storyboard in Resources */ = {isa = PBXBuildFile; fileRef = FBBA05081E664848000FD7C5 /* Main.storyboard */; };
		FBBA050C1E664848000FD7C5 /* Assets.xcassets in Resources */ = {isa = PBXBuildFile; fileRef = FBBA050B1E664848000FD7C5 /* Assets.xcassets */; };
		FBBA050F1E664848000FD7C5 /* LaunchScreen.storyboard in Resources */ = {isa = PBXBuildFile; fileRef = FBBA050D1E664848000FD7C5 /* LaunchScreen.storyboard */; };
		FBBA05171E664B5F000FD7C5 /* ItemCell.swift in Sources */ = {isa = PBXBuildFile; fileRef = FBBA05161E664B5F000FD7C5 /* ItemCell.swift */; };
		FBBA05191E664C73000FD7C5 /* ItemCollectionViewController.swift in Sources */ = {isa = PBXBuildFile; fileRef = FBBA05181E664C73000FD7C5 /* ItemCollectionViewController.swift */; };
		FBBA051B1E664E26000FD7C5 /* Item.swift in Sources */ = {isa = PBXBuildFile; fileRef = FBBA051A1E664E26000FD7C5 /* Item.swift */; };
		FBBA051D1E66638C000FD7C5 /* NormalViewController.swift in Sources */ = {isa = PBXBuildFile; fileRef = FBBA051C1E66638C000FD7C5 /* NormalViewController.swift */; };
		FBBA051F1E666996000FD7C5 /* SegundaVistaViewController.swift in Sources */ = {isa = PBXBuildFile; fileRef = FBBA051E1E666996000FD7C5 /* SegundaVistaViewController.swift */; };
/* End PBXBuildFile section */

/* Begin PBXFileReference section */
		FBBA05011E664848000FD7C5 /* UICollecion View en IOS.app */ = {isa = PBXFileReference; explicitFileType = wrapper.application; includeInIndex = 0; path = "UICollecion View en IOS.app"; sourceTree = BUILT_PRODUCTS_DIR; };
		FBBA05041E664848000FD7C5 /* AppDelegate.swift */ = {isa = PBXFileReference; lastKnownFileType = sourcecode.swift; path = AppDelegate.swift; sourceTree = "<group>"; };
		FBBA05061E664848000FD7C5 /* ViewController.swift */ = {isa = PBXFileReference; lastKnownFileType = sourcecode.swift; path = ViewController.swift; sourceTree = "<group>"; };
		FBBA05091E664848000FD7C5 /* Base */ = {isa = PBXFileReference; lastKnownFileType = file.storyboard; name = Base; path = Base.lproj/Main.storyboard; sourceTree = "<group>"; };
		FBBA050B1E664848000FD7C5 /* Assets.xcassets */ = {isa = PBXFileReference; lastKnownFileType = folder.assetcatalog; path = Assets.xcassets; sourceTree = "<group>"; };
		FBBA050E1E664848000FD7C5 /* Base */ = {isa = PBXFileReference; lastKnownFileType = file.storyboard; name = Base; path = Base.lproj/LaunchScreen.storyboard; sourceTree = "<group>"; };
		FBBA05101E664848000FD7C5 /* Info.plist */ = {isa = PBXFileReference; lastKnownFileType = text.plist.xml; path = Info.plist; sourceTree = "<group>"; };
		FBBA05161E664B5F000FD7C5 /* ItemCell.swift */ = {isa = PBXFileReference; fileEncoding = 4; lastKnownFileType = sourcecode.swift; path = ItemCell.swift; sourceTree = "<group>"; };
		FBBA05181E664C73000FD7C5 /* ItemCollectionViewController.swift */ = {isa = PBXFileReference; fileEncoding = 4; lastKnownFileType = sourcecode.swift; path = ItemCollectionViewController.swift; sourceTree = "<group>"; };
		FBBA051A1E664E26000FD7C5 /* Item.swift */ = {isa = PBXFileReference; fileEncoding = 4; lastKnownFileType = sourcecode.swift; path = Item.swift; sourceTree = "<group>"; };
		FBBA051C1E66638C000FD7C5 /* NormalViewController.swift */ = {isa = PBXFileReference; fileEncoding = 4; lastKnownFileType = sourcecode.swift; path = NormalViewController.swift; sourceTree = "<group>"; };
		FBBA051E1E666996000FD7C5 /* SegundaVistaViewController.swift */ = {isa = PBXFileReference; fileEncoding = 4; lastKnownFileType = sourcecode.swift; path = SegundaVistaViewController.swift; sourceTree = "<group>"; };
/* End PBXFileReference section */

/* Begin PBXFrameworksBuildPhase section */
		FBBA04FE1E664848000FD7C5 /* Frameworks */ = {
			isa = PBXFrameworksBuildPhase;
			buildActionMask = 2147483647;
			files = (
			);
			runOnlyForDeploymentPostprocessing = 0;
		};
/* End PBXFrameworksBuildPhase section */

/* Begin PBXGroup section */
		FBBA04F81E664848000FD7C5 = {
			isa = PBXGroup;
			children = (
				FBBA05031E664848000FD7C5 /* UICollecion View en IOS */,
				FBBA05021E664848000FD7C5 /* Products */,
			);
			sourceTree = "<group>";
		};
		FBBA05021E664848000FD7C5 /* Products */ = {
			isa = PBXGroup;
			children = (
				FBBA05011E664848000FD7C5 /* UICollecion View en IOS.app */,
			);
			name = Products;
			sourceTree = "<group>";
		};
		FBBA05031E664848000FD7C5 /* UICollecion View en IOS */ = {
			isa = PBXGroup;
			children = (
				FBBA05041E664848000FD7C5 /* AppDelegate.swift */,
				FBBA051C1E66638C000FD7C5 /* NormalViewController.swift */,
				FBBA05061E664848000FD7C5 /* ViewController.swift */,
				FBBA05081E664848000FD7C5 /* Main.storyboard */,
				FBBA050B1E664848000FD7C5 /* Assets.xcassets */,
				FBBA050D1E664848000FD7C5 /* LaunchScreen.storyboard */,
				FBBA05101E664848000FD7C5 /* Info.plist */,
				FBBA05161E664B5F000FD7C5 /* ItemCell.swift */,
				FBBA05181E664C73000FD7C5 /* ItemCollectionViewController.swift */,
				FBBA051A1E664E26000FD7C5 /* Item.swift */,
				FBBA051E1E666996000FD7C5 /* SegundaVistaViewController.swift */,
			);
			path = "UICollecion View en IOS";
			sourceTree = "<group>";
		};
/* End PBXGroup section */

/* Begin PBXNativeTarget section */
		FBBA05001E664848000FD7C5 /* UICollecion View en IOS */ = {
			isa = PBXNativeTarget;
			buildConfigurationList = FBBA05131E664848000FD7C5 /* Build configuration list for PBXNativeTarget "UICollecion View en IOS" */;
			buildPhases = (
				FBBA04FD1E664848000FD7C5 /* Sources */,
				FBBA04FE1E664848000FD7C5 /* Frameworks */,
				FBBA04FF1E664848000FD7C5 /* Resources */,
			);
			buildRules = (
			);
			dependencies = (
			);
			name = "UICollecion View en IOS";
			productName = "UICollecion View en IOS";
			productReference = FBBA05011E664848000FD7C5 /* UICollecion View en IOS.app */;
			productType = "com.apple.product-type.application";
		};
/* End PBXNativeTarget section */

/* Begin PBXProject section */
		FBBA04F91E664848000FD7C5 /* Project object */ = {
			isa = PBXProject;
			attributes = {
				LastSwiftUpdateCheck = 0800;
				LastUpgradeCheck = 0800;
				ORGANIZATIONNAME = alumno;
				TargetAttributes = {
					FBBA05001E664848000FD7C5 = {
						CreatedOnToolsVersion = 8.0;
						ProvisioningStyle = Automatic;
					};
				};
			};
			buildConfigurationList = FBBA04FC1E664848000FD7C5 /* Build configuration list for PBXProject "UICollecion View en IOS" */;
			compatibilityVersion = "Xcode 3.2";
			developmentRegion = English;
			hasScannedForEncodings = 0;
			knownRegions = (
				en,
				Base,
			);
			mainGroup = FBBA04F81E664848000FD7C5;
			productRefGroup = FBBA05021E664848000FD7C5 /* Products */;
			projectDirPath = "";
			projectRoot = "";
			targets = (
				FBBA05001E664848000FD7C5 /* UICollecion View en IOS */,
			);
		};
/* End PBXProject section */

/* Begin PBXResourcesBuildPhase section */
		FBBA04FF1E664848000FD7C5 /* Resources */ = {
			isa = PBXResourcesBuildPhase;
			buildActionMask = 2147483647;
			files = (
				FBBA050F1E664848000FD7C5 /* LaunchScreen.storyboard in Resources */,
				FBBA050C1E664848000FD7C5 /* Assets.xcassets in Resources */,
				FBBA050A1E664848000FD7C5 /* Main.storyboard in Resources */,
			);
			runOnlyForDeploymentPostprocessing = 0;
		};
/* End PBXResourcesBuildPhase section */

/* Begin PBXSourcesBuildPhase section */
		FBBA04FD1E664848000FD7C5 /* Sources */ = {
			isa = PBXSourcesBuildPhase;
			buildActionMask = 2147483647;
			files = (
				FBBA051F1E666996000FD7C5 /* SegundaVistaViewController.swift in Sources */,
				FBBA051B1E664E26000FD7C5 /* Item.swift in Sources */,
				FBBA051D1E66638C000FD7C5 /* NormalViewController.swift in Sources */,
				FBBA05071E664848000FD7C5 /* ViewController.swift in Sources */,
				FBBA05051E664848000FD7C5 /* AppDelegate.swift in Sources */,
				FBBA05171E664B5F000FD7C5 /* ItemCell.swift in Sources */,
				FBBA05191E664C73000FD7C5 /* ItemCollectionViewController.swift in Sources */,
			);
			runOnlyForDeploymentPostprocessing = 0;
		};
/* End PBXSourcesBuildPhase section */

/* Begin PBXVariantGroup section */
		FBBA05081E664848000FD7C5 /* Main.storyboard */ = {
			isa = PBXVariantGroup;
			children = (
				FBBA05091E664848000FD7C5 /* Base */,
			);
			name = Main.storyboard;
			sourceTree = "<group>";
		};
		FBBA050D1E664848000FD7C5 /* LaunchScreen.storyboard */ = {
			isa = PBXVariantGroup;
			children = (
				FBBA050E1E664848000FD7C5 /* Base */,
			);
			name = LaunchScreen.storyboard;
			sourceTree = "<group>";
		};
/* End PBXVariantGroup section */

/* Begin XCBuildConfiguration section */
		FBBA05111E664848000FD7C5 /* Debug */ = {
			isa = XCBuildConfiguration;
			buildSettings = {
				ALWAYS_SEARCH_USER_PATHS = NO;
				CLANG_ANALYZER_NONNULL = YES;
				CLANG_CXX_LANGUAGE_STANDARD = "gnu++0x";
				CLANG_CXX_LIBRARY = "libc++";
				CLANG_ENABLE_MODULES = YES;
				CLANG_ENABLE_OBJC_ARC = YES;
				CLANG_WARN_BOOL_CONVERSION = YES;
				CLANG_WARN_CONSTANT_CONVERSION = YES;
				CLANG_WARN_DIRECT_OBJC_ISA_USAGE = YES_ERROR;
				CLANG_WARN_DOCUMENTATION_COMMENTS = YES;
				CLANG_WARN_EMPTY_BODY = YES;
				CLANG_WARN_ENUM_CONVERSION = YES;
				CLANG_WARN_INFINITE_RECURSION = YES;
				CLANG_WARN_INT_CONVERSION = YES;
				CLANG_WARN_OBJC_ROOT_CLASS = YES_ERROR;
				CLANG_WARN_SUSPICIOUS_MOVES = YES;
				CLANG_WARN_UNREACHABLE_CODE = YES;
				CLANG_WARN__DUPLICATE_METHOD_MATCH = YES;
				"CODE_SIGN_IDENTITY[sdk=iphoneos*]" = "iPhone Developer";
				COPY_PHASE_STRIP = NO;
				DEBUG_INFORMATION_FORMAT = dwarf;
				ENABLE_STRICT_OBJC_MSGSEND = YES;
				ENABLE_TESTABILITY = YES;
				GCC_C_LANGUAGE_STANDARD = gnu99;
				GCC_DYNAMIC_NO_PIC = NO;
				GCC_NO_COMMON_BLOCKS = YES;
				GCC_OPTIMIZATION_LEVEL = 0;
				GCC_PREPROCESSOR_DEFINITIONS = (
					"DEBUG=1",
					"$(inherited)",
				);
				GCC_WARN_64_TO_32_BIT_CONVERSION = YES;
				GCC_WARN_ABOUT_RETURN_TYPE = YES_ERROR;
				GCC_WARN_UNDECLARED_SELECTOR = YES;
				GCC_WARN_UNINITIALIZED_AUTOS = YES_AGGRESSIVE;
				GCC_WARN_UNUSED_FUNCTION = YES;
				GCC_WARN_UNUSED_VARIABLE = YES;
				IPHONEOS_DEPLOYMENT_TARGET = 10.0;
				MTL_ENABLE_DEBUG_INFO = YES;
				ONLY_ACTIVE_ARCH = YES;
				SDKROOT = iphoneos;
				SWIFT_ACTIVE_COMPILATION_CONDITIONS = DEBUG;
				SWIFT_OPTIMIZATION_LEVEL = "-Onone";
				TARGETED_DEVICE_FAMILY = "1,2";
			};
			name = Debug;
		};
		FBBA05121E664848000FD7C5 /* Release */ = {
			isa = XCBuildConfiguration;
			buildSettings = {
				ALWAYS_SEARCH_USER_PATHS = NO;
				CLANG_ANALYZER_NONNULL = YES;
				CLANG_CXX_LANGUAGE_STANDARD = "gnu++0x";
				CLANG_CXX_LIBRARY = "libc++";
				CLANG_ENABLE_MODULES = YES;
				CLANG_ENABLE_OBJC_ARC = YES;
				CLANG_WARN_BOOL_CONVERSION = YES;
				CLANG_WARN_CONSTANT_CONVERSION = YES;
				CLANG_WARN_DIRECT_OBJC_ISA_USAGE = YES_ERROR;
				CLANG_WARN_DOCUMENTATION_COMMENTS = YES;
				CLANG_WARN_EMPTY_BODY = YES;
				CLANG_WARN_ENUM_CONVERSION = YES;
				CLANG_WARN_INFINITE_RECURSION = YES;
				CLANG_WARN_INT_CONVERSION = YES;
				CLANG_WARN_OBJC_ROOT_CLASS = YES_ERROR;
				CLANG_WARN_SUSPICIOUS_MOVES = YES;
				CLANG_WARN_UNREACHABLE_CODE = YES;
				CLANG_WARN__DUPLICATE_METHOD_MATCH = YES;
				"CODE_SIGN_IDENTITY[sdk=iphoneos*]" = "iPhone Developer";
				COPY_PHASE_STRIP = NO;
				DEBUG_INFORMATION_FORMAT = "dwarf-with-dsym";
				ENABLE_NS_ASSERTIONS = NO;
				ENABLE_STRICT_OBJC_MSGSEND = YES;
				GCC_C_LANGUAGE_STANDARD = gnu99;
				GCC_NO_COMMON_BLOCKS = YES;
				GCC_WARN_64_TO_32_BIT_CONVERSION = YES;
				GCC_WARN_ABOUT_RETURN_TYPE = YES_ERROR;
				GCC_WARN_UNDECLARED_SELECTOR = YES;
				GCC_WARN_UNINITIALIZED_AUTOS = YES_AGGRESSIVE;
				GCC_WARN_UNUSED_FUNCTION = YES;
				GCC_WARN_UNUSED_VARIABLE = YES;
				IPHONEOS_DEPLOYMENT_TARGET = 10.0;
				MTL_ENABLE_DEBUG_INFO = NO;
				SDKROOT = iphoneos;
				SWIFT_OPTIMIZATION_LEVEL = "-Owholemodule";
				TARGETED_DEVICE_FAMILY = "1,2";
				VALIDATE_PRODUCT = YES;
			};
			name = Release;
		};
		FBBA05141E664848000FD7C5 /* Debug */ = {
			isa = XCBuildConfiguration;
			buildSettings = {
				ASSETCATALOG_COMPILER_APPICON_NAME = AppIcon;
				INFOPLIST_FILE = "UICollecion View en IOS/Info.plist";
				LD_RUNPATH_SEARCH_PATHS = "$(inherited) @executable_path/Frameworks";
				PRODUCT_BUNDLE_IDENTIFIER = "pe.area51.UICollecion-View-en-IOS";
				PRODUCT_NAME = "$(TARGET_NAME)";
				SWIFT_VERSION = 3.0;
			};
			name = Debug;
		};
		FBBA05151E664848000FD7C5 /* Release */ = {
			isa = XCBuildConfiguration;
			buildSettings = {
				ASSETCATALOG_COMPILER_APPICON_NAME = AppIcon;
				INFOPLIST_FILE = "UICollecion View en IOS/Info.plist";
				LD_RUNPATH_SEARCH_PATHS = "$(inherited) @executable_path/Frameworks";
				PRODUCT_BUNDLE_IDENTIFIER = "pe.area51.UICollecion-View-en-IOS";
				PRODUCT_NAME = "$(TARGET_NAME)";
				SWIFT_VERSION = 3.0;
			};
			name = Release;
		};
/* End XCBuildConfiguration section */

/* Begin XCConfigurationList section */
		FBBA04FC1E664848000FD7C5 /* Build configuration list for PBXProject "UICollecion View en IOS" */ = {
			isa = XCConfigurationList;
			buildConfigurations = (
				FBBA05111E664848000FD7C5 /* Debug */,
				FBBA05121E664848000FD7C5 /* Release */,
			);
			defaultConfigurationIsVisible = 0;
			defaultConfigurationName = Release;
		};
		FBBA05131E664848000FD7C5 /* Build configuration list for PBXNativeTarget "UICollecion View en IOS" */ = {
			isa = XCConfigurationList;
			buildConfigurations = (
				FBBA05141E664848000FD7C5 /* Debug */,
				FBBA05151E664848000FD7C5 /* Release */,
			);
			defaultConfigurationIsVisible = 0;
		};
/* End XCConfigurationList section */
	};
	rootObject = FBBA04F91E664848000FD7C5 /* Project object */;
}
